
Microsoft Visual Studio Solution File, Format Version 12.00
# Visual Studio Version 17
VisualStudioVersion = 17.8.34330.188
MinimumVisualStudioVersion = 10.0.40219.1
Project("{FAE04EC0-301F-11D3-BF4B-00C04F79EFBC}") = "Proyecto_finalRocioBRomano", "Proyecto_finalRocioBRomano.csproj", "{29F48BD3-F8A8-4D59-B652-FEC2A391F4F5}"
EndProject
Global
	GlobalSection(SolutionConfigurationPlatforms) = preSolution
		Debug|Any CPU = Debug|Any CPU
		Release|Any CPU = Release|Any CPU
	EndGlobalSection
	GlobalSection(ProjectConfigurationPlatforms) = postSolution
		{29F48BD3-F8A8-4D59-B652-FEC2A391F4F5}.Debug|Any CPU.ActiveCfg = Debug|Any CPU
		{29F48BD3-F8A8-4D59-B652-FEC2A391F4F5}.Debug|Any CPU.Build.0 = Debug|Any CPU
		{29F48BD3-F8A8-4D59-B652-FEC2A391F4F5}.Release|Any CPU.ActiveCfg = Release|Any CPU
		{29F48BD3-F8A8-4D59-B652-FEC2A391F4F5}.Release|Any CPU.Build.0 = Release|Any CPU
	EndGlobalSection
	GlobalSection(SolutionProperties) = preSolution
		HideSolutionNode = FALSE
	EndGlobalSection
	GlobalSection(ExtensibilityGlobals) = postSolution
		SolutionGuid = {282CDA5D-211A-472E-9134-E27C2C827248}
	EndGlobalSection
EndGlobal
